
Microsoft Visual Studio Solution File, Format Version 12.00
# Visual Studio Version 17
VisualStudioVersion = 17.7.34221.43
MinimumVisualStudioVersion = 10.0.40219.1
Project("{FAE04EC0-301F-11D3-BF4B-00C04F79EFBC}") = "Myprojectuniversity", "Myprojectuniversity\Myprojectuniversity.csproj", "{F880B3F1-68AF-4D46-B371-FC863F067484}"
EndProject
Global
	GlobalSection(SolutionConfigurationPlatforms) = preSolution
		Debug|Any CPU = Debug|Any CPU
		Release|Any CPU = Release|Any CPU
	EndGlobalSection
	GlobalSection(ProjectConfigurationPlatforms) = postSolution
		{F880B3F1-68AF-4D46-B371-FC863F067484}.Debug|Any CPU.ActiveCfg = Debug|Any CPU
		{F880B3F1-68AF-4D46-B371-FC863F067484}.Debug|Any CPU.Build.0 = Debug|Any CPU
		{F880B3F1-68AF-4D46-B371-FC863F067484}.Release|Any CPU.ActiveCfg = Release|Any CPU
		{F880B3F1-68AF-4D46-B371-FC863F067484}.Release|Any CPU.Build.0 = Release|Any CPU
	EndGlobalSection
	GlobalSection(SolutionProperties) = preSolution
		HideSolutionNode = FALSE
	EndGlobalSection
	GlobalSection(ExtensibilityGlobals) = postSolution
		SolutionGuid = {091E64D8-0515-42B8-A6CD-0D562DAD235B}
	EndGlobalSection
EndGlobal
